
Microsoft Visual Studio Solution File, Format Version 12.00
# Visual Studio Version 17
VisualStudioVersion = 17.7.34024.191
MinimumVisualStudioVersion = 10.0.40219.1
Project("{FAE04EC0-301F-11D3-BF4B-00C04F79EFBC}") = "ToDoApp.Android", "ToDoApp.Android\ToDoApp.Android.csproj", "{3E20A280-6641-4C01-83DB-2AECE142A99E}"
EndProject
Project("{FAE04EC0-301F-11D3-BF4B-00C04F79EFBC}") = "ToDoApp", "ToDoApp\ToDoApp.csproj", "{060BF35C-080E-4516-B1C7-B1F760DCF3C0}"
EndProject
Global
	GlobalSection(SolutionConfigurationPlatforms) = preSolution
		Debug|Any CPU = Debug|Any CPU
		Release|Any CPU = Release|Any CPU
	EndGlobalSection
	GlobalSection(ProjectConfigurationPlatforms) = postSolution
		{3E20A280-6641-4C01-83DB-2AECE142A99E}.Debug|Any CPU.ActiveCfg = Debug|Any CPU
		{3E20A280-6641-4C01-83DB-2AECE142A99E}.Debug|Any CPU.Build.0 = Debug|Any CPU
		{3E20A280-6641-4C01-83DB-2AECE142A99E}.Debug|Any CPU.Deploy.0 = Debug|Any CPU
		{3E20A280-6641-4C01-83DB-2AECE142A99E}.Release|Any CPU.ActiveCfg = Release|Any CPU
		{3E20A280-6641-4C01-83DB-2AECE142A99E}.Release|Any CPU.Build.0 = Release|Any CPU
		{3E20A280-6641-4C01-83DB-2AECE142A99E}.Release|Any CPU.Deploy.0 = Release|Any CPU
		{060BF35C-080E-4516-B1C7-B1F760DCF3C0}.Debug|Any CPU.ActiveCfg = Debug|Any CPU
		{060BF35C-080E-4516-B1C7-B1F760DCF3C0}.Debug|Any CPU.Build.0 = Debug|Any CPU
		{060BF35C-080E-4516-B1C7-B1F760DCF3C0}.Debug|Any CPU.Deploy.0 = Debug|Any CPU
		{060BF35C-080E-4516-B1C7-B1F760DCF3C0}.Release|Any CPU.ActiveCfg = Release|Any CPU
		{060BF35C-080E-4516-B1C7-B1F760DCF3C0}.Release|Any CPU.Build.0 = Release|Any CPU
		{060BF35C-080E-4516-B1C7-B1F760DCF3C0}.Release|Any CPU.Deploy.0 = Release|Any CPU
	EndGlobalSection
	GlobalSection(SolutionProperties) = preSolution
		HideSolutionNode = FALSE
	EndGlobalSection
	GlobalSection(ExtensibilityGlobals) = postSolution
		SolutionGuid = {50B5D9EB-A86D-41CE-B96E-9BA2BC2D59E7}
	EndGlobalSection
EndGlobal
